{
  "name": "knot-tooling",
  "lockfileVersion": 3,
  "requires": true,
  "packages": {
    "": {
      "name": "knot-tooling",
      "devDependencies": {
        "@lakeday/perch": "0.3.5"
      },
      "engines": {
        "node": ">=22.18"
      },
      "hasInstallScript": true
    },
    "node_modules/@lakeday/perch": {
      "version": "0.3.5",
      "resolved": "https://registry.npmjs.org/@lakeday/perch/-/perch-0.3.5.tgz",
      "integrity": "sha512-uD5jv2GwcP+8sWCZtF64Y6HlYQILo4/KWZas/t2BLB99bpukPQfrIxRHGB9/lY0QI2Bmkcw9bNn5wchRzSRUwg==",
      "dev": true,
      "license": "MIT",
      "dependencies": {
        "@xberg-io/tree-sitter-language-pack": "1.20.0",
        "gpt-tokenizer": "4.0.0",
        "yaml": "^2.9.1"
      },
      "bin": {
        "perch": "bin/perch.mjs"
      },
      "engines": {
        "node": ">=22"
      }
    },
    "node_modules/@xberg-io/tree-sitter-language-pack": {
      "version": "1.20.0",
      "resolved": "https://registry.npmjs.org/@xberg-io/tree-sitter-language-pack/-/tree-sitter-language-pack-1.20.0.tgz",
      "integrity": "sha512-96fnqUv1H378/6g4KcC2uuVgOILiCMwqNJy0f3w6ab57rNCLBPnlkzsPTsqie4x1VABHi9J0zJ9kBizE+gzKUw==",
      "dev": true,
      "license": "MIT",
      "engines": {
        "node": ">= 22"
      },
      "optionalDependencies": {
        "@xberg-io/tree-sitter-language-pack-darwin-arm64": "1.20.0",
        "@xberg-io/tree-sitter-language-pack-darwin-x64": "1.20.0",
        "@xberg-io/tree-sitter-language-pack-linux-arm64-gnu": "1.20.0",
        "@xberg-io/tree-sitter-language-pack-linux-arm64-musl": "1.20.0",
        "@xberg-io/tree-sitter-language-pack-linux-x64-gnu": "1.20.0",
        "@xberg-io/tree-sitter-language-pack-linux-x64-musl": "1.20.0",
        "@xberg-io/tree-sitter-language-pack-win32-arm64-msvc": "1.20.0",
        "@xberg-io/tree-sitter-language-pack-win32-x64-msvc": "1.20.0"
      }
    },
    "node_modules/@xberg-io/tree-sitter-language-pack-darwin-arm64": {
      "version": "1.20.0",
      "resolved": "https://registry.npmjs.org/@xberg-io/tree-sitter-language-pack-darwin-arm64/-/tree-sitter-language-pack-darwin-arm64-1.20.0.tgz",
      "integrity": "sha512-ZqqRLzERmFeN2oump1naAL13omQ01eW2c0YNIjWKfJylp0/WW3OAUVUjXWfY+EeStdZnTy4BBKm4FCuLefNkaA==",
      "cpu": [
        "arm64"
      ],
      "dev": true,
      "license": "MIT",
      "optional": true,
      "os": [
        "darwin"
      ],
      "engines": {
        "node": ">= 22"
      }
    },
    "node_modules/@xberg-io/tree-sitter-language-pack-darwin-x64": {
      "version": "1.20.0",
      "resolved": "https://registry.npmjs.org/@xberg-io/tree-sitter-language-pack-darwin-x64/-/tree-sitter-language-pack-darwin-x64-1.20.0.tgz",
      "integrity": "sha512-YSPbXeqNRZ803nhcw1RPZn/BpP1o8Ow6DykrWVmh5hSMHzZfyypcKBB43FZbrbg89yPO2f1bfRaiUhJASNjbDg==",
      "cpu": [
        "x64"
      ],
      "dev": true,
      "license": "MIT",
      "optional": true,
      "os": [
        "darwin"
      ],
      "engines": {
        "node": ">= 22"
      }
    },
    "node_modules/@xberg-io/tree-sitter-language-pack-linux-arm64-gnu": {
      "version": "1.20.0",
      "resolved": "https://registry.npmjs.org/@xberg-io/tree-sitter-language-pack-linux-arm64-gnu/-/tree-sitter-language-pack-linux-arm64-gnu-1.20.0.tgz",
      "integrity": "sha512-CbaqXCPxhEHAieArGA9jHy4ATR82F9le9QIgUwTD0p30uaPfxeHB3pxUV0eDlXAA6JdBV0QTWVXNSvohidHB7A==",
      "cpu": [
        "arm64"
      ],
      "dev": true,
      "license": "MIT",
      "optional": true,
      "os": [
        "linux"
      ],
      "engines": {
        "node": ">= 22"
      }
    },
    "node_modules/@xberg-io/tree-sitter-language-pack-linux-arm64-musl": {
      "version": "1.20.0",
      "resolved": "https://registry.npmjs.org/@xberg-io/tree-sitter-language-pack-linux-arm64-musl/-/tree-sitter-language-pack-linux-arm64-musl-1.20.0.tgz",
      "integrity": "sha512-F80KgFGcsIxNKL0OtDnnQmEcjJFBwp6gIOOdyl3mknDJkC9cL2MpYn6QnXAGhCWO02C0taoTyhexV2AfcUYylQ==",
      "cpu": [
        "arm64"
      ],
      "dev": true,
      "license": "MIT",
      "optional": true,
      "os": [
        "linux"
      ],
      "engines": {
        "node": ">= 22"
      }
    },
    "node_modules/@xberg-io/tree-sitter-language-pack-linux-x64-gnu": {
      "version": "1.20.0",
      "resolved": "https://registry.npmjs.org/@xberg-io/tree-sitter-language-pack-linux-x64-gnu/-/tree-sitter-language-pack-linux-x64-gnu-1.20.0.tgz",
      "integrity": "sha512-euirgtZPkxIeFg1YRfEQE5sjtr9GYUZ4bKQPGi95TiVtRxzjhQAVF4EVvjueSl/A/hCtalaXcWZ3/Xb071rLzw==",
      "cpu": [
        "x64"
      ],
      "dev": true,
      "license": "MIT",
      "optional": true,
      "os": [
        "linux"
      ],
      "engines": {
        "node": ">= 22"
      }
    },
    "node_modules/@xberg-io/tree-sitter-language-pack-linux-x64-musl": {
      "version": "1.20.0",
      "resolved": "https://registry.npmjs.org/@xberg-io/tree-sitter-language-pack-linux-x64-musl/-/tree-sitter-language-pack-linux-x64-musl-1.20.0.tgz",
      "integrity": "sha512-2gC7+zHrLDFLMK7UXy9P9ohn8N2UoOSsFd1Sbn8a3XtbGmMgDPom0/JZZ/rMJra+2+hCQoHAwLZG3VioaY1UYg==",
      "cpu": [
        "x64"
      ],
      "dev": true,
      "license": "MIT",
      "optional": true,
      "os": [
        "linux"
      ],
      "engines": {
        "node": ">= 22"
      }
    },
    "node_modules/@xberg-io/tree-sitter-language-pack-win32-arm64-msvc": {
      "version": "1.20.0",
      "resolved": "https://registry.npmjs.org/@xberg-io/tree-sitter-language-pack-win32-arm64-msvc/-/tree-sitter-language-pack-win32-arm64-msvc-1.20.0.tgz",
      "integrity": "sha512-77xYj6qht8z0XUpb4mjsbNC8SkQ8g2XMWU4OAIkZenURCZoqtMcnQuNykYO8opJ9twOzcBA640FlnoUTrh0sYw==",
      "cpu": [
        "arm64"
      ],
      "dev": true,
      "license": "MIT",
      "optional": true,
      "os": [
        "win32"
      ],
      "engines": {
        "node": ">= 22"
      }
    },
    "node_modules/@xberg-io/tree-sitter-language-pack-win32-x64-msvc": {
      "version": "1.20.0",
      "resolved": "https://registry.npmjs.org/@xberg-io/tree-sitter-language-pack-win32-x64-msvc/-/tree-sitter-language-pack-win32-x64-msvc-1.20.0.tgz",
      "integrity": "sha512-yutdxR4q56t1D1D9oX8DMgjdX3knxtMZJ8pt2h3HK2/1OkVa2eotOjKudbPgYicTlWsJKJ9EkH/6df5kFi6O/A==",
      "cpu": [
        "x64"
      ],
      "dev": true,
      "license": "MIT",
      "optional": true,
      "os": [
        "win32"
      ],
      "engines": {
        "node": ">= 22"
      }
    },
    "node_modules/gpt-tokenizer": {
      "version": "4.0.0",
      "resolved": "https://registry.npmjs.org/gpt-tokenizer/-/gpt-tokenizer-4.0.0.tgz",
      "integrity": "sha512-YAWIyzvuVUHEfW7tFfFAxH8qQb+Q3RU9nYOTy7skMNX5qzU6Q8jxTHZLyO56ug1vYvCR7wndzpd3jwD86/mhjQ==",
      "dev": true,
      "license": "MIT"
    },
    "node_modules/yaml": {
      "version": "2.9.1",
      "resolved": "https://registry.npmjs.org/yaml/-/yaml-2.9.1.tgz",
      "integrity": "sha512-3NxN8+78OdzbT7C/WjGsyfPAtJaN3FNDsWxv7Y7mcDsT/oOmgW8BpyQQFFBnvZE3j9Y2Sdz1ULFLezL7Eb2yFw==",
      "dev": true,
      "license": "ISC",
      "bin": {
        "yaml": "bin.mjs"
      },
      "engines": {
        "node": ">= 14.6"
      },
      "funding": {
        "url": "https://github.com/sponsors/eemeli"
      }
    }
  }
}
